<?xml version="1.0" encoding="utf-8"?>
<Project ToolsVersion="4.0" xmlns="http://schemas.microsoft.com/developer/msbuild/2003">
  <ItemGroup>
    <Filter Include="Source Files">
      <UniqueIdentifier>{4FC737F1-C7A5-4376-A066-2A32D752A2FF}</UniqueIdentifier>
      <Extensions>cpp;c;cc;cxx;def;odl;idl;hpj;bat;asm;asmx</Extensions>
    </Filter>
    <Filter Include="Header Files">
      <UniqueIdentifier>{93995380-89BD-4b04-88EB-625FBE52EBFB}</UniqueIdentifier>
      <Extensions>h;hpp;hxx;hm;inl;inc;xsd</Extensions>
    </Filter>
    <Filter Include="Resource Files">
      <UniqueIdentifier>{67DA6AB6-F800-4c08-8B7A-83BB121AAD01}</UniqueIdentifier>
      <Extensions>rc;ico;cur;bmp;dlg;rc2;rct;bin;rgs;gif;jpg;jpeg;jpe;resx;tiff;tif;png;wav;mfcribbon-ms</Extensions>
    </Filter>
    <Filter Include="Header Files\GameWorld">
      <UniqueIdentifier>{5849e08c-2227-44d6-88e4-ced07835ed0c}</UniqueIdentifier>
    </Filter>
    <Filter Include="Header Files\Interfaces">
      <UniqueIdentifier>{f9fd0ed3-ce21-446b-8813-04825735bdc4}</UniqueIdentifier>
    </Filter>
    <Filter Include="Source Files\GameWorld">
      <UniqueIdentifier>{91a30d85-731d-49b2-b613-f6c7d7523a98}</UniqueIdentifier>
    </Filter>
    <Filter Include="Header Files\CursesIO">
      <UniqueIdentifier>{39a4990a-2082-485d-b84b-e8d936c2bf9d}</UniqueIdentifier>
    </Filter>
    <Filter Include="Source Files\CursesIO">
      <UniqueIdentifier>{c0993e89-54ea-421f-968f-0e2cdd2bbde9}</UniqueIdentifier>
    </Filter>
    <Filter Include="Header Files\CursesIO\Windows">
      <UniqueIdentifier>{cc4e8d37-1228-4bac-b0be-133d620e6f26}</UniqueIdentifier>
    </Filter>
    <Filter Include="Header Files\CursesIO\Input Sources">
      <UniqueIdentifier>{22d8a432-37e9-4145-91de-71da2eb9d5bf}</UniqueIdentifier>
    </Filter>
    <Filter Include="Header Files\GameEntity">
      <UniqueIdentifier>{0c060c30-89c3-4b4d-b878-d428ac9ccbe9}</UniqueIdentifier>
    </Filter>
    <Filter Include="Header Files\GameEntity\EntityComponent">
      <UniqueIdentifier>{ec97f188-a749-49eb-ad54-f5ceb780f0eb}</UniqueIdentifier>
    </Filter>
    <Filter Include="Source Files\GameEntity">
      <UniqueIdentifier>{2d0262fb-abf5-4e57-a785-32fdf8b7601e}</UniqueIdentifier>
    </Filter>
    <Filter Include="Source Files\GameEntity\EntityComponent">
      <UniqueIdentifier>{d819ced7-09d2-4d92-90e9-248df8da89d3}</UniqueIdentifier>
    </Filter>
    <Filter Include="Header Files\TypeDefs">
      <UniqueIdentifier>{e28be573-d069-4e64-9946-c84f1c7b6ff8}</UniqueIdentifier>
    </Filter>
    <Filter Include="Source Files\TypeDefs">
      <UniqueIdentifier>{6ed4f5e2-c774-4e65-a4b4-f69f95bd1aae}</UniqueIdentifier>
    </Filter>
  </ItemGroup>
  <ItemGroup>
    <None Include="ReadMe.txt" />
  </ItemGroup>
  <ItemGroup>
    <ClInclude Include="stdafx.h">
      <Filter>Header Files</Filter>
    </ClInclude>
    <ClInclude Include="targetver.h">
      <Filter>Header Files</Filter>
    </ClInclude>
    <ClInclude Include="GameWorld.h">
      <Filter>Header Files\GameWorld</Filter>
    </ClInclude>
    <ClInclude Include="IWorldTileTypeDef.h">
      <Filter>Header Files\Interfaces</Filter>
    </ClInclude>
    <ClInclude Include="WorldRegion.h">
      <Filter>Header Files\GameWorld</Filter>
    </ClInclude>
    <ClInclude Include="WorldTile.h">
      <Filter>Header Files\GameWorld</Filter>
    </ClInclude>
    <ClInclude Include="WorldTileType.h">
      <Filter>Header Files\GameWorld</Filter>
    </ClInclude>
    <ClInclude Include="IGameOutput.h">
      <Filter>Header Files\Interfaces</Filter>
    </ClInclude>
    <ClInclude Include="GameIOCurses.h">
      <Filter>Header Files\CursesIO</Filter>
    </ClInclude>
    <ClInclude Include="IGameInput.h">
      <Filter>Header Files\Interfaces</Filter>
    </ClInclude>
    <ClInclude Include="IInputSource.h">
      <Filter>Header Files\Interfaces</Filter>
    </ClInclude>
    <ClInclude Include="IInputSourceCurses.h">
      <Filter>Header Files\Interfaces</Filter>
    </ClInclude>
    <ClInclude Include="CursesGameWorldWindow.h">
      <Filter>Header Files\CursesIO\Windows</Filter>
    </ClInclude>
    <ClInclude Include="CursesWindow.h">
      <Filter>Header Files\CursesIO\Windows</Filter>
    </ClInclude>
    <ClInclude Include="InputMessages.h">
      <Filter>Header Files</Filter>
    </ClInclude>
    <ClInclude Include="EntityComponentEnum.h">
      <Filter>Header Files\GameWorld</Filter>
    </ClInclude>
    <ClInclude Include="IGameItemTypeDef.h">
      <Filter>Header Files\Interfaces</Filter>
    </ClInclude>
    <ClInclude Include="ICreatureTypeDef.h">
      <Filter>Header Files\Interfaces</Filter>
    </ClInclude>
    <ClInclude Include="GameTurnTimer.h">
      <Filter>Header Files</Filter>
    </ClInclude>
    <ClInclude Include="CreatureInputSourceCurses.h">
      <Filter>Header Files\CursesIO\Input Sources</Filter>
    </ClInclude>
    <ClInclude Include="InsurgencyGame.h">
      <Filter>Header Files</Filter>
    </ClInclude>
    <ClInclude Include="InputSourceListCurses.h">
      <Filter>Header Files\Interfaces</Filter>
    </ClInclude>
    <ClInclude Include="colorListCurses.h">
      <Filter>Header Files</Filter>
    </ClInclude>
    <ClInclude Include="Creature.h">
      <Filter>Header Files\GameEntity</Filter>
    </ClInclude>
    <ClInclude Include="EntityComponent.h">
      <Filter>Header Files\GameEntity\EntityComponent</Filter>
    </ClInclude>
    <ClInclude Include="InventoryComponent.h">
      <Filter>Header Files\GameEntity\EntityComponent</Filter>
    </ClInclude>
    <ClInclude Include="CreatureStatEffect.h">
      <Filter>Header Files\GameEntity</Filter>
    </ClInclude>
    <ClInclude Include="GameEntity.h">
      <Filter>Header Files\GameEntity</Filter>
    </ClInclude>
    <ClInclude Include="GameEntityType.h">
      <Filter>Header Files\GameEntity</Filter>
    </ClInclude>
    <ClInclude Include="CreatureType.h">
      <Filter>Header Files\GameEntity</Filter>
    </ClInclude>
    <ClInclude Include="GameItem.h">
      <Filter>Header Files\GameEntity</Filter>
    </ClInclude>
    <ClInclude Include="GameItemType.h">
      <Filter>Header Files\GameEntity</Filter>
    </ClInclude>
    <ClInclude Include="CreatureTypeDef.h">
      <Filter>Header Files\TypeDefs</Filter>
    </ClInclude>
    <ClInclude Include="GameItemTypeDef.h">
      <Filter>Header Files\TypeDefs</Filter>
    </ClInclude>
    <ClInclude Include="WorldTileTypeDef.h">
      <Filter>Header Files\TypeDefs</Filter>
    </ClInclude>
  </ItemGroup>
  <ItemGroup>
    <ClCompile Include="stdafx.cpp">
      <Filter>Source Files</Filter>
    </ClCompile>
    <ClCompile Include="WorldRegion.cpp">
      <Filter>Source Files\GameWorld</Filter>
    </ClCompile>
    <ClCompile Include="WorldTile.cpp">
      <Filter>Source Files\GameWorld</Filter>
    </ClCompile>
    <ClCompile Include="GameWorld.cpp">
      <Filter>Source Files\GameWorld</Filter>
    </ClCompile>
    <ClCompile Include="CursesGameWorldWindow.cpp">
      <Filter>Source Files\CursesIO</Filter>
    </ClCompile>
    <ClCompile Include="CursesWindow.cpp">
      <Filter>Source Files\CursesIO</Filter>
    </ClCompile>
    <ClCompile Include="GameIOCurses.cpp">
      <Filter>Source Files\CursesIO</Filter>
    </ClCompile>
    <ClCompile Include="CharacterInputSourceCurses.cpp">
      <Filter>Source Files\CursesIO</Filter>
    </ClCompile>
    <ClCompile Include="GameTurnTimer.cpp">
      <Filter>Source Files</Filter>
    </ClCompile>
    <ClCompile Include="InsurgencyGame.cpp">
      <Filter>Source Files</Filter>
    </ClCompile>
    <ClCompile Include="Insurgency.cpp">
      <Filter>Source Files</Filter>
    </ClCompile>
    <ClCompile Include="Creature.cpp">
      <Filter>Source Files\GameEntity</Filter>
    </ClCompile>
    <ClCompile Include="CreatureType.cpp">
      <Filter>Source Files\GameEntity</Filter>
    </ClCompile>
    <ClCompile Include="GameEntity.cpp">
      <Filter>Source Files\GameEntity</Filter>
    </ClCompile>
    <ClCompile Include="GameItem.cpp">
      <Filter>Source Files\GameEntity</Filter>
    </ClCompile>
    <ClCompile Include="InventoryComponent.cpp">
      <Filter>Source Files\GameEntity\EntityComponent</Filter>
    </ClCompile>
    <ClCompile Include="EntityComponent.cpp">
      <Filter>Source Files\GameEntity\EntityComponent</Filter>
    </ClCompile>
    <ClCompile Include="CreatureStatEffect.cpp">
      <Filter>Source Files\GameEntity</Filter>
    </ClCompile>
    <ClCompile Include="GameItemType.cpp">
      <Filter>Source Files\GameEntity</Filter>
    </ClCompile>
    <ClCompile Include="GameEntityType.cpp">
      <Filter>Source Files\GameEntity</Filter>
    </ClCompile>
    <ClCompile Include="WorldTileType.cpp">
      <Filter>Source Files\GameWorld</Filter>
    </ClCompile>
    <ClCompile Include="WorldTileTypeDef.cpp">
      <Filter>Source Files\TypeDefs</Filter>
    </ClCompile>
    <ClCompile Include="CreatureTypeDef.cpp">
      <Filter>Source Files\TypeDefs</Filter>
    </ClCompile>
    <ClCompile Include="GameItemTypeDef.cpp">
      <Filter>Source Files\TypeDefs</Filter>
    </ClCompile>
  </ItemGroup>
</Project>