<?xml version="1.0" encoding="utf-8"?>
<Project ToolsVersion="4.0" xmlns="http://schemas.microsoft.com/developer/msbuild/2003">
  <ItemGroup>
    <Filter Include="Source Files">
      <UniqueIdentifier>{4FC737F1-C7A5-4376-A066-2A32D752A2FF}</UniqueIdentifier>
      <Extensions>cpp;c;cc;cxx;def;odl;idl;hpj;bat;asm;asmx</Extensions>
    </Filter>
    <Filter Include="Header Files">
      <UniqueIdentifier>{93995380-89BD-4b04-88EB-625FBE52EBFB}</UniqueIdentifier>
      <Extensions>h;hpp;hxx;hm;inl;inc;xsd</Extensions>
    </Filter>
    <Filter Include="Resource Files">
      <UniqueIdentifier>{67DA6AB6-F800-4c08-8B7A-83BB121AAD01}</UniqueIdentifier>
      <Extensions>rc;ico;cur;bmp;dlg;rc2;rct;bin;rgs;gif;jpg;jpeg;jpe;resx;tiff;tif;png;wav;mfcribbon-ms</Extensions>
    </Filter>
    <Filter Include="SFML-Template">
      <UniqueIdentifier>{12ca767a-dd0a-44db-87ac-e14ed94c45e9}</UniqueIdentifier>
    </Filter>
    <Filter Include="SFMLApp">
      <UniqueIdentifier>{73e72f89-9b3a-41eb-9e5f-6715bc2dbdc3}</UniqueIdentifier>
    </Filter>
    <Filter Include="InsurgencyGame">
      <UniqueIdentifier>{e88acfc1-82d1-4dca-824d-b1af8b89f38c}</UniqueIdentifier>
    </Filter>
    <Filter Include="InsurgencyGame\Header Files">
      <UniqueIdentifier>{ab0c4088-0bdd-4cab-8965-ab67fa479fca}</UniqueIdentifier>
    </Filter>
    <Filter Include="InsurgencyGame\Header Files\GameEntity">
      <UniqueIdentifier>{0c060c30-89c3-4b4d-b878-d428ac9ccbe9}</UniqueIdentifier>
    </Filter>
    <Filter Include="InsurgencyGame\Header Files\GameEntity\EntityComponent">
      <UniqueIdentifier>{ec97f188-a749-49eb-ad54-f5ceb780f0eb}</UniqueIdentifier>
    </Filter>
    <Filter Include="InsurgencyGame\Header Files\GameWorld">
      <UniqueIdentifier>{5849e08c-2227-44d6-88e4-ced07835ed0c}</UniqueIdentifier>
    </Filter>
    <Filter Include="InsurgencyGame\Header Files\Interfaces">
      <UniqueIdentifier>{f9fd0ed3-ce21-446b-8813-04825735bdc4}</UniqueIdentifier>
    </Filter>
    <Filter Include="InsurgencyGame\Header Files\TypeDefs">
      <UniqueIdentifier>{e28be573-d069-4e64-9946-c84f1c7b6ff8}</UniqueIdentifier>
    </Filter>
    <Filter Include="InsurgencyGame\Source Files">
      <UniqueIdentifier>{1d6ee661-0e74-43cc-ab8d-622e2f8499f9}</UniqueIdentifier>
    </Filter>
    <Filter Include="InsurgencyGame\Source Files\GameEntity">
      <UniqueIdentifier>{2d0262fb-abf5-4e57-a785-32fdf8b7601e}</UniqueIdentifier>
    </Filter>
    <Filter Include="InsurgencyGame\Source Files\GameEntity\EntityComponent">
      <UniqueIdentifier>{d819ced7-09d2-4d92-90e9-248df8da89d3}</UniqueIdentifier>
    </Filter>
    <Filter Include="InsurgencyGame\Source Files\GameWorld">
      <UniqueIdentifier>{91a30d85-731d-49b2-b613-f6c7d7523a98}</UniqueIdentifier>
    </Filter>
    <Filter Include="InsurgencyGame\Source Files\TypeDefs">
      <UniqueIdentifier>{6ed4f5e2-c774-4e65-a4b4-f69f95bd1aae}</UniqueIdentifier>
    </Filter>
    <Filter Include="SFML-Insurgency">
      <UniqueIdentifier>{2506aa9f-7bcb-4c4f-80d1-93d0e3a98af0}</UniqueIdentifier>
    </Filter>
    <Filter Include="Header Files\GameStates">
      <UniqueIdentifier>{793bb3c6-997b-4687-84ac-1a53d17b082a}</UniqueIdentifier>
    </Filter>
    <Filter Include="Source Files\GameStates">
      <UniqueIdentifier>{20a5f37c-3bb6-490c-84e0-940727e06543}</UniqueIdentifier>
    </Filter>
    <Filter Include="SFML-Insurgency\Header Files">
      <UniqueIdentifier>{2c6a56eb-47af-479c-b3f3-290ddff09fc3}</UniqueIdentifier>
    </Filter>
    <Filter Include="InsurgencyGame\Header Files\UIMenu">
      <UniqueIdentifier>{de36ba0e-0505-45c8-b1a2-6a13ebd64ae0}</UniqueIdentifier>
    </Filter>
    <Filter Include="InsurgencyGame\Source Files\UIMenu">
      <UniqueIdentifier>{abb07324-6b61-4ee9-8600-fd8e95918031}</UniqueIdentifier>
    </Filter>
    <Filter Include="SFML-Insurgency\Source Files">
      <UniqueIdentifier>{37b61002-46fd-4a69-802d-121ca1ee6b63}</UniqueIdentifier>
    </Filter>
  </ItemGroup>
  <ItemGroup>
    <None Include="ReadMe.txt" />
  </ItemGroup>
  <ItemGroup>
    <ClInclude Include="stdafx.h">
      <Filter>Header Files</Filter>
    </ClInclude>
    <ClInclude Include="targetver.h">
      <Filter>Header Files</Filter>
    </ClInclude>
    <ClInclude Include="GameWorld.h">
      <Filter>InsurgencyGame\Header Files\GameWorld</Filter>
    </ClInclude>
    <ClInclude Include="IWorldTileTypeDef.h">
      <Filter>InsurgencyGame\Header Files\Interfaces</Filter>
    </ClInclude>
    <ClInclude Include="WorldRegion.h">
      <Filter>InsurgencyGame\Header Files\GameWorld</Filter>
    </ClInclude>
    <ClInclude Include="WorldTile.h">
      <Filter>InsurgencyGame\Header Files\GameWorld</Filter>
    </ClInclude>
    <ClInclude Include="WorldTileType.h">
      <Filter>InsurgencyGame\Header Files\GameWorld</Filter>
    </ClInclude>
    <ClInclude Include="IGameOutput.h">
      <Filter>InsurgencyGame\Header Files\Interfaces</Filter>
    </ClInclude>
    <ClInclude Include="IGameInput.h">
      <Filter>InsurgencyGame\Header Files\Interfaces</Filter>
    </ClInclude>
    <ClInclude Include="IInputSource.h">
      <Filter>InsurgencyGame\Header Files\Interfaces</Filter>
    </ClInclude>
    <ClInclude Include="IInputSourceCurses.h">
      <Filter>InsurgencyGame\Header Files\Interfaces</Filter>
    </ClInclude>
    <ClInclude Include="IGameItemTypeDef.h">
      <Filter>InsurgencyGame\Header Files\Interfaces</Filter>
    </ClInclude>
    <ClInclude Include="ICreatureTypeDef.h">
      <Filter>InsurgencyGame\Header Files\Interfaces</Filter>
    </ClInclude>
    <ClInclude Include="InputSourceListCurses.h">
      <Filter>InsurgencyGame\Header Files\Interfaces</Filter>
    </ClInclude>
    <ClInclude Include="Creature.h">
      <Filter>InsurgencyGame\Header Files\GameEntity</Filter>
    </ClInclude>
    <ClInclude Include="EntityComponent.h">
      <Filter>InsurgencyGame\Header Files\GameEntity\EntityComponent</Filter>
    </ClInclude>
    <ClInclude Include="InventoryComponent.h">
      <Filter>InsurgencyGame\Header Files\GameEntity\EntityComponent</Filter>
    </ClInclude>
    <ClInclude Include="CreatureStatEffect.h">
      <Filter>InsurgencyGame\Header Files\GameEntity</Filter>
    </ClInclude>
    <ClInclude Include="GameEntity.h">
      <Filter>InsurgencyGame\Header Files\GameEntity</Filter>
    </ClInclude>
    <ClInclude Include="GameEntityType.h">
      <Filter>InsurgencyGame\Header Files\GameEntity</Filter>
    </ClInclude>
    <ClInclude Include="CreatureType.h">
      <Filter>InsurgencyGame\Header Files\GameEntity</Filter>
    </ClInclude>
    <ClInclude Include="GameItem.h">
      <Filter>InsurgencyGame\Header Files\GameEntity</Filter>
    </ClInclude>
    <ClInclude Include="GameItemType.h">
      <Filter>InsurgencyGame\Header Files\GameEntity</Filter>
    </ClInclude>
    <ClInclude Include="CreatureTypeDef.h">
      <Filter>InsurgencyGame\Header Files\TypeDefs</Filter>
    </ClInclude>
    <ClInclude Include="GameItemTypeDef.h">
      <Filter>InsurgencyGame\Header Files\TypeDefs</Filter>
    </ClInclude>
    <ClInclude Include="WorldTileTypeDef.h">
      <Filter>InsurgencyGame\Header Files\TypeDefs</Filter>
    </ClInclude>
    <ClInclude Include="CreatureStat.h">
      <Filter>InsurgencyGame\Header Files\GameEntity</Filter>
    </ClInclude>
    <ClInclude Include="SFML-Template\AnimatedSprite.h">
      <Filter>SFML-Template</Filter>
    </ClInclude>
    <ClInclude Include="SFML-Template\FontManager.h">
      <Filter>SFML-Template</Filter>
    </ClInclude>
    <ClInclude Include="SFML-Template\Functor.h">
      <Filter>SFML-Template</Filter>
    </ClInclude>
    <ClInclude Include="SFML-Template\GameStateBase.h">
      <Filter>SFML-Template</Filter>
    </ClInclude>
    <ClInclude Include="SFML-Template\ImageManager.h">
      <Filter>SFML-Template</Filter>
    </ClInclude>
    <ClInclude Include="SFML-Template\SFMLButton.h">
      <Filter>SFML-Template</Filter>
    </ClInclude>
    <ClInclude Include="SFML-Template\SFMLEvent.h">
      <Filter>SFML-Template</Filter>
    </ClInclude>
    <ClInclude Include="SFML-Template\SFMLGUIElement.h">
      <Filter>SFML-Template</Filter>
    </ClInclude>
    <ClInclude Include="SFML-Template\SFMLStateMessage.h">
      <Filter>SFML-Template</Filter>
    </ClInclude>
    <ClInclude Include="SFML-Template\SoundManager.h">
      <Filter>SFML-Template</Filter>
    </ClInclude>
    <ClInclude Include="SFML-Template\SpriteManager.h">
      <Filter>SFML-Template</Filter>
    </ClInclude>
    <ClInclude Include="SFML-Template\TextureManager.h">
      <Filter>SFML-Template</Filter>
    </ClInclude>
    <ClInclude Include="SFMLApp.h">
      <Filter>SFMLApp</Filter>
    </ClInclude>
    <ClInclude Include="GameTurnTimer.h">
      <Filter>InsurgencyGame\Header Files</Filter>
    </ClInclude>
    <ClInclude Include="GameEntityActions.h">
      <Filter>InsurgencyGame\Header Files\GameEntity</Filter>
    </ClInclude>
    <ClInclude Include="SFML-Template\SFMLStateInfo.h">
      <Filter>SFML-Template</Filter>
    </ClInclude>
    <ClInclude Include="GameState_InsurgencyEntityActions.h">
      <Filter>Header Files\GameStates</Filter>
    </ClInclude>
    <ClInclude Include="GameState_InsurgencyGame.h">
      <Filter>Header Files\GameStates</Filter>
    </ClInclude>
    <ClInclude Include="UIMenuOption_EntityActionDef.h">
      <Filter>InsurgencyGame\Header Files\UIMenu</Filter>
    </ClInclude>
    <ClInclude Include="UIMenu.h">
      <Filter>InsurgencyGame\Header Files\UIMenu</Filter>
    </ClInclude>
    <ClInclude Include="UIMenu_Creature.h">
      <Filter>InsurgencyGame\Header Files\UIMenu</Filter>
    </ClInclude>
    <ClInclude Include="UIMenuList.h">
      <Filter>InsurgencyGame\Header Files\UIMenu</Filter>
    </ClInclude>
    <ClInclude Include="UIMenuList_Inventory.h">
      <Filter>InsurgencyGame\Header Files\UIMenu</Filter>
    </ClInclude>
    <ClInclude Include="UIMenuOption.h">
      <Filter>InsurgencyGame\Header Files\UIMenu</Filter>
    </ClInclude>
    <ClInclude Include="sfmlcurseschar.h">
      <Filter>SFML-Insurgency\Header Files</Filter>
    </ClInclude>
    <ClInclude Include="SFMLWorldItemsWindow.h">
      <Filter>SFML-Insurgency\Header Files</Filter>
    </ClInclude>
    <ClInclude Include="SFMLCursesCharManager.h">
      <Filter>SFML-Insurgency\Header Files</Filter>
    </ClInclude>
    <ClInclude Include="SFMLCursesTextBox.h">
      <Filter>SFML-Insurgency\Header Files</Filter>
    </ClInclude>
    <ClInclude Include="SFMLCursesWindow.h">
      <Filter>SFML-Insurgency\Header Files</Filter>
    </ClInclude>
    <ClInclude Include="SFMLGameWorldWindow.h">
      <Filter>SFML-Insurgency\Header Files</Filter>
    </ClInclude>
    <ClInclude Include="GameState_CreatureMenu.h">
      <Filter>Header Files\GameStates</Filter>
    </ClInclude>
    <ClInclude Include="StateInfo_EntityActions.h">
      <Filter>Header Files</Filter>
    </ClInclude>
    <ClInclude Include="StateInfo_CreatureMenu.h">
      <Filter>Header Files\GameStates</Filter>
    </ClInclude>
    <ClInclude Include="SFMLUIMenu_Creature.h">
      <Filter>SFML-Insurgency\Header Files</Filter>
    </ClInclude>
  </ItemGroup>
  <ItemGroup>
    <ClCompile Include="stdafx.cpp">
      <Filter>Source Files</Filter>
    </ClCompile>
    <ClCompile Include="WorldRegion.cpp">
      <Filter>InsurgencyGame\Source Files\GameWorld</Filter>
    </ClCompile>
    <ClCompile Include="WorldTile.cpp">
      <Filter>InsurgencyGame\Source Files\GameWorld</Filter>
    </ClCompile>
    <ClCompile Include="GameWorld.cpp">
      <Filter>InsurgencyGame\Source Files\GameWorld</Filter>
    </ClCompile>
    <ClCompile Include="Insurgency.cpp">
      <Filter>Source Files</Filter>
    </ClCompile>
    <ClCompile Include="Creature.cpp">
      <Filter>InsurgencyGame\Source Files\GameEntity</Filter>
    </ClCompile>
    <ClCompile Include="CreatureType.cpp">
      <Filter>InsurgencyGame\Source Files\GameEntity</Filter>
    </ClCompile>
    <ClCompile Include="GameEntity.cpp">
      <Filter>InsurgencyGame\Source Files\GameEntity</Filter>
    </ClCompile>
    <ClCompile Include="GameItem.cpp">
      <Filter>InsurgencyGame\Source Files\GameEntity</Filter>
    </ClCompile>
    <ClCompile Include="InventoryComponent.cpp">
      <Filter>InsurgencyGame\Source Files\GameEntity\EntityComponent</Filter>
    </ClCompile>
    <ClCompile Include="EntityComponent.cpp">
      <Filter>InsurgencyGame\Source Files\GameEntity\EntityComponent</Filter>
    </ClCompile>
    <ClCompile Include="CreatureStatEffect.cpp">
      <Filter>InsurgencyGame\Source Files\GameEntity</Filter>
    </ClCompile>
    <ClCompile Include="GameItemType.cpp">
      <Filter>InsurgencyGame\Source Files\GameEntity</Filter>
    </ClCompile>
    <ClCompile Include="GameEntityType.cpp">
      <Filter>InsurgencyGame\Source Files\GameEntity</Filter>
    </ClCompile>
    <ClCompile Include="WorldTileType.cpp">
      <Filter>InsurgencyGame\Source Files\GameWorld</Filter>
    </ClCompile>
    <ClCompile Include="WorldTileTypeDef.cpp">
      <Filter>InsurgencyGame\Source Files\TypeDefs</Filter>
    </ClCompile>
    <ClCompile Include="CreatureTypeDef.cpp">
      <Filter>InsurgencyGame\Source Files\TypeDefs</Filter>
    </ClCompile>
    <ClCompile Include="GameItemTypeDef.cpp">
      <Filter>InsurgencyGame\Source Files\TypeDefs</Filter>
    </ClCompile>
    <ClCompile Include="SFML-Template\AnimatedSprite.cpp">
      <Filter>SFML-Template</Filter>
    </ClCompile>
    <ClCompile Include="SFML-Template\FontManager.cpp">
      <Filter>SFML-Template</Filter>
    </ClCompile>
    <ClCompile Include="SFML-Template\GameStateBase.cpp">
      <Filter>SFML-Template</Filter>
    </ClCompile>
    <ClCompile Include="SFML-Template\ImageManager.cpp">
      <Filter>SFML-Template</Filter>
    </ClCompile>
    <ClCompile Include="SFML-Template\SFMLButton.cpp">
      <Filter>SFML-Template</Filter>
    </ClCompile>
    <ClCompile Include="SFML-Template\SFMLEvent.cpp">
      <Filter>SFML-Template</Filter>
    </ClCompile>
    <ClCompile Include="SFML-Template\SFMLGUIElement.cpp">
      <Filter>SFML-Template</Filter>
    </ClCompile>
    <ClCompile Include="SFML-Template\SoundManager.cpp">
      <Filter>SFML-Template</Filter>
    </ClCompile>
    <ClCompile Include="SFML-Template\SpriteManager.cpp">
      <Filter>SFML-Template</Filter>
    </ClCompile>
    <ClCompile Include="SFML-Template\TextureManager.cpp">
      <Filter>SFML-Template</Filter>
    </ClCompile>
    <ClCompile Include="SFMLApp.cpp">
      <Filter>SFMLApp</Filter>
    </ClCompile>
    <ClCompile Include="SFMLApp_OnUpdate.cpp">
      <Filter>SFMLApp</Filter>
    </ClCompile>
    <ClCompile Include="SFMLApp_OnCleanup.cpp">
      <Filter>SFMLApp</Filter>
    </ClCompile>
    <ClCompile Include="SFMLApp_OnEvent.cpp">
      <Filter>SFMLApp</Filter>
    </ClCompile>
    <ClCompile Include="SFMLApp_OnInit.cpp">
      <Filter>SFMLApp</Filter>
    </ClCompile>
    <ClCompile Include="SFMLApp_OnRender.cpp">
      <Filter>SFMLApp</Filter>
    </ClCompile>
    <ClCompile Include="GameTurnTimer.cpp">
      <Filter>InsurgencyGame\Source Files</Filter>
    </ClCompile>
    <ClCompile Include="GameEntityActions.cpp">
      <Filter>InsurgencyGame\Source Files\GameEntity</Filter>
    </ClCompile>
    <ClCompile Include="GameState_InsurgencyEntityActions.cpp">
      <Filter>Source Files\GameStates</Filter>
    </ClCompile>
    <ClCompile Include="GameState_InsurgencyGame.cpp">
      <Filter>Source Files\GameStates</Filter>
    </ClCompile>
    <ClCompile Include="UIMenu.cpp">
      <Filter>InsurgencyGame\Source Files\UIMenu</Filter>
    </ClCompile>
    <ClCompile Include="UIMenuOption_EntityActionDef.cpp">
      <Filter>InsurgencyGame\Source Files\UIMenu</Filter>
    </ClCompile>
    <ClCompile Include="UIMenu_Creature.cpp">
      <Filter>InsurgencyGame\Source Files\UIMenu</Filter>
    </ClCompile>
    <ClCompile Include="UIMenuList.cpp">
      <Filter>InsurgencyGame\Source Files\UIMenu</Filter>
    </ClCompile>
    <ClCompile Include="UIMenuList_Inventory.cpp">
      <Filter>InsurgencyGame\Source Files\UIMenu</Filter>
    </ClCompile>
    <ClCompile Include="UIMenuOption.cpp">
      <Filter>InsurgencyGame\Source Files\UIMenu</Filter>
    </ClCompile>
    <ClCompile Include="SFMLCursesChar.cpp">
      <Filter>SFML-Insurgency\Source Files</Filter>
    </ClCompile>
    <ClCompile Include="SFMLWorldItemsWindow.cpp">
      <Filter>SFML-Insurgency\Source Files</Filter>
    </ClCompile>
    <ClCompile Include="SFMLCursesCharManager.cpp">
      <Filter>SFML-Insurgency\Source Files</Filter>
    </ClCompile>
    <ClCompile Include="SFMLCursesTextBox.cpp">
      <Filter>SFML-Insurgency\Source Files</Filter>
    </ClCompile>
    <ClCompile Include="SFMLCursesWindow.cpp">
      <Filter>SFML-Insurgency\Source Files</Filter>
    </ClCompile>
    <ClCompile Include="SFMLGameWorldWindow.cpp">
      <Filter>SFML-Insurgency\Source Files</Filter>
    </ClCompile>
    <ClCompile Include="GameState_CreatureMenu.cpp">
      <Filter>Source Files\GameStates</Filter>
    </ClCompile>
    <ClCompile Include="SFMLUIMenu_Creature.cpp">
      <Filter>SFML-Insurgency\Source Files</Filter>
    </ClCompile>
  </ItemGroup>
</Project>